# This file is automatically @generated by Cargo.
# It is not intended for manual editing.
[[package]]
name = "anyhow"
version = "1.0.40"
source = "registry+https://github.com/rust-lang/crates.io-index"
checksum = "28b2cd92db5cbd74e8e5028f7e27dd7aa3090e89e4f2a197cc7c8dfb69c7063b"

[[package]]
name = "nlp100-rust"
version = "0.1.0"
dependencies = [
 "anyhow",
 "whiteread",
]

[[package]]
name = "whiteread"
version = "0.5.0"
source = "registry+https://github.com/rust-lang/crates.io-index"
checksum = "8bc25de0a968755322a6b517a7257df7ec3216ed7907b8fc064906542f9714b3"
